// !$*UTF8*$!
{
	archiveVersion = 1;
	classes = {
	};
	objectVersion = 46;
	objects = {

/* Begin PBXBuildFile section */
		6BE3634B169AA21400569BBA /* UIKit.framework in Frameworks */ = {isa = PBXBuildFile; fileRef = 6BE3634A169AA21400569BBA /* UIKit.framework */; };
		6BE3634D169AA21400569BBA /* Foundation.framework in Frameworks */ = {isa = PBXBuildFile; fileRef = 6BE3634C169AA21400569BBA /* Foundation.framework */; };
		6BE3634F169AA21400569BBA /* CoreGraphics.framework in Frameworks */ = {isa = PBXBuildFile; fileRef = 6BE3634E169AA21400569BBA /* CoreGraphics.framework */; };
		6BE36355169AA21400569BBA /* InfoPlist.strings in Resources */ = {isa = PBXBuildFile; fileRef = 6BE36353169AA21400569BBA /* InfoPlist.strings */; };
		6BE36357169AA21400569BBA /* main.m in Sources */ = {isa = PBXBuildFile; fileRef = 6BE36356169AA21400569BBA /* main.m */; };
		6BE3635B169AA21400569BBA /* GraphingCalculatorAppDelegate.m in Sources */ = {isa = PBXBuildFile; fileRef = 6BE3635A169AA21400569BBA /* GraphingCalculatorAppDelegate.m */; };
		6BE3635D169AA21400569BBA /* Default.png in Resources */ = {isa = PBXBuildFile; fileRef = 6BE3635C169AA21400569BBA /* Default.png */; };
		6BE3635F169AA21400569BBA /* Default@2x.png in Resources */ = {isa = PBXBuildFile; fileRef = 6BE3635E169AA21400569BBA /* Default@2x.png */; };
		6BE36361169AA21400569BBA /* Default-568h@2x.png in Resources */ = {isa = PBXBuildFile; fileRef = 6BE36360169AA21400569BBA /* Default-568h@2x.png */; };
		6BE36364169AA21400569BBA /* iPhone.storyboard in Resources */ = {isa = PBXBuildFile; fileRef = 6BE36362169AA21400569BBA /* iPhone.storyboard */; };
		6BE36367169AA21400569BBA /* iPad.storyboard in Resources */ = {isa = PBXBuildFile; fileRef = 6BE36365169AA21400569BBA /* iPad.storyboard */; };
		6BE3636A169AA21400569BBA /* GraphingCalculatorViewController.m in Sources */ = {isa = PBXBuildFile; fileRef = 6BE36369169AA21400569BBA /* GraphingCalculatorViewController.m */; };
/* End PBXBuildFile section */

/* Begin PBXFileReference section */
		6BE36346169AA21400569BBA /* GraphingCalculator.app */ = {isa = PBXFileReference; explicitFileType = wrapper.application; includeInIndex = 0; path = GraphingCalculator.app; sourceTree = BUILT_PRODUCTS_DIR; };
		6BE3634A169AA21400569BBA /* UIKit.framework */ = {isa = PBXFileReference; lastKnownFileType = wrapper.framework; name = UIKit.framework; path = System/Library/Frameworks/UIKit.framework; sourceTree = SDKROOT; };
		6BE3634C169AA21400569BBA /* Foundation.framework */ = {isa = PBXFileReference; lastKnownFileType = wrapper.framework; name = Foundation.framework; path = System/Library/Frameworks/Foundation.framework; sourceTree = SDKROOT; };
		6BE3634E169AA21400569BBA /* CoreGraphics.framework */ = {isa = PBXFileReference; lastKnownFileType = wrapper.framework; name = CoreGraphics.framework; path = System/Library/Frameworks/CoreGraphics.framework; sourceTree = SDKROOT; };
		6BE36352169AA21400569BBA /* GraphingCalculator-Info.plist */ = {isa = PBXFileReference; lastKnownFileType = text.plist.xml; path = "GraphingCalculator-Info.plist"; sourceTree = "<group>"; };
		6BE36354169AA21400569BBA /* en */ = {isa = PBXFileReference; lastKnownFileType = text.plist.strings; name = en; path = en.lproj/InfoPlist.strings; sourceTree = "<group>"; };
		6BE36356169AA21400569BBA /* main.m */ = {isa = PBXFileReference; lastKnownFileType = sourcecode.c.objc; path = main.m; sourceTree = "<group>"; };
		6BE36358169AA21400569BBA /* GraphingCalculator-Prefix.pch */ = {isa = PBXFileReference; lastKnownFileType = sourcecode.c.h; path = "GraphingCalculator-Prefix.pch"; sourceTree = "<group>"; };
		6BE36359169AA21400569BBA /* GraphingCalculatorAppDelegate.h */ = {isa = PBXFileReference; lastKnownFileType = sourcecode.c.h; path = GraphingCalculatorAppDelegate.h; sourceTree = "<group>"; };
		6BE3635A169AA21400569BBA /* GraphingCalculatorAppDelegate.m */ = {isa = PBXFileReference; lastKnownFileType = sourcecode.c.objc; path = GraphingCalculatorAppDelegate.m; sourceTree = "<group>"; };
		6BE3635C169AA21400569BBA /* Default.png */ = {isa = PBXFileReference; lastKnownFileType = image.png; path = Default.png; sourceTree = "<group>"; };
		6BE3635E169AA21400569BBA /* Default@2x.png */ = {isa = PBXFileReference; lastKnownFileType = image.png; path = "Default@2x.png"; sourceTree = "<group>"; };
		6BE36360169AA21400569BBA /* Default-568h@2x.png */ = {isa = PBXFileReference; lastKnownFileType = image.png; path = "Default-568h@2x.png"; sourceTree = "<group>"; };
		6BE36363169AA21400569BBA /* en */ = {isa = PBXFileReference; lastKnownFileType = file.storyboard; name = en; path = en.lproj/iPhone.storyboard; sourceTree = "<group>"; };
		6BE36366169AA21400569BBA /* en */ = {isa = PBXFileReference; lastKnownFileType = file.storyboard; name = en; path = en.lproj/iPad.storyboard; sourceTree = "<group>"; };
		6BE36368169AA21400569BBA /* GraphingCalculatorViewController.h */ = {isa = PBXFileReference; lastKnownFileType = sourcecode.c.h; path = GraphingCalculatorViewController.h; sourceTree = "<group>"; };
		6BE36369169AA21400569BBA /* GraphingCalculatorViewController.m */ = {isa = PBXFileReference; lastKnownFileType = sourcecode.c.objc; path = GraphingCalculatorViewController.m; sourceTree = "<group>"; };
/* End PBXFileReference section */

/* Begin PBXFrameworksBuildPhase section */
		6BE36343169AA21400569BBA /* Frameworks */ = {
			isa = PBXFrameworksBuildPhase;
			buildActionMask = 2147483647;
			files = (
				6BE3634B169AA21400569BBA /* UIKit.framework in Frameworks */,
				6BE3634D169AA21400569BBA /* Foundation.framework in Frameworks */,
				6BE3634F169AA21400569BBA /* CoreGraphics.framework in Frameworks */,
			);
			runOnlyForDeploymentPostprocessing = 0;
		};
/* End PBXFrameworksBuildPhase section */

/* Begin PBXGroup section */
		6BE3633B169AA21400569BBA = {
			isa = PBXGroup;
			children = (
				6BE36350169AA21400569BBA /* GraphingCalculator */,
				6BE36349169AA21400569BBA /* Frameworks */,
				6BE36347169AA21400569BBA /* Products */,
			);
			sourceTree = "<group>";
		};
		6BE36347169AA21400569BBA /* Products */ = {
			isa = PBXGroup;
			children = (
				6BE36346169AA21400569BBA /* GraphingCalculator.app */,
			);
			name = Products;
			sourceTree = "<group>";
		};
		6BE36349169AA21400569BBA /* Frameworks */ = {
			isa = PBXGroup;
			children = (
				6BE3634A169AA21400569BBA /* UIKit.framework */,
				6BE3634C169AA21400569BBA /* Foundation.framework */,
				6BE3634E169AA21400569BBA /* CoreGraphics.framework */,
			);
			name = Frameworks;
			sourceTree = "<group>";
		};
		6BE36350169AA21400569BBA /* GraphingCalculator */ = {
			isa = PBXGroup;
			children = (
				6BE36359169AA21400569BBA /* GraphingCalculatorAppDelegate.h */,
				6BE3635A169AA21400569BBA /* GraphingCalculatorAppDelegate.m */,
				6BE36362169AA21400569BBA /* iPhone.storyboard */,
				6BE36365169AA21400569BBA /* iPad.storyboard */,
				6BE36368169AA21400569BBA /* GraphingCalculatorViewController.h */,
				6BE36369169AA21400569BBA /* GraphingCalculatorViewController.m */,
				6BE36351169AA21400569BBA /* Supporting Files */,
			);
			path = GraphingCalculator;
			sourceTree = "<group>";
		};
		6BE36351169AA21400569BBA /* Supporting Files */ = {
			isa = PBXGroup;
			children = (
				6BE36352169AA21400569BBA /* GraphingCalculator-Info.plist */,
				6BE36353169AA21400569BBA /* InfoPlist.strings */,
				6BE36356169AA21400569BBA /* main.m */,
				6BE36358169AA21400569BBA /* GraphingCalculator-Prefix.pch */,
				6BE3635C169AA21400569BBA /* Default.png */,
				6BE3635E169AA21400569BBA /* Default@2x.png */,
				6BE36360169AA21400569BBA /* Default-568h@2x.png */,
			);
			name = "Supporting Files";
			sourceTree = "<group>";
		};
/* End PBXGroup section */

/* Begin PBXNativeTarget section */
		6BE36345169AA21400569BBA /* GraphingCalculator */ = {
			isa = PBXNativeTarget;
			buildConfigurationList = 6BE3636D169AA21400569BBA /* Build configuration list for PBXNativeTarget "GraphingCalculator" */;
			buildPhases = (
				6BE36342169AA21400569BBA /* Sources */,
				6BE36343169AA21400569BBA /* Frameworks */,
				6BE36344169AA21400569BBA /* Resources */,
			);
			buildRules = (
			);
			dependencies = (
			);
			name = GraphingCalculator;
			productName = GraphingCalculator;
			productReference = 6BE36346169AA21400569BBA /* GraphingCalculator.app */;
			productType = "com.apple.product-type.application";
		};
/* End PBXNativeTarget section */

/* Begin PBXProject section */
		6BE3633D169AA21400569BBA /* Project object */ = {
			isa = PBXProject;
			attributes = {
				CLASSPREFIX = GraphingCalculator;
				LastUpgradeCheck = 0450;
				ORGANIZATIONNAME = edu.stanford.cs193p.rhg259;
			};
			buildConfigurationList = 6BE36340169AA21400569BBA /* Build configuration list for PBXProject "GraphingCalculator" */;
			compatibilityVersion = "Xcode 3.2";
			developmentRegion = English;
			hasScannedForEncodings = 0;
			knownRegions = (
				en,
			);
			mainGroup = 6BE3633B169AA21400569BBA;
			productRefGroup = 6BE36347169AA21400569BBA /* Products */;
			projectDirPath = "";
			projectRoot = "";
			targets = (
				6BE36345169AA21400569BBA /* GraphingCalculator */,
			);
		};
/* End PBXProject section */

/* Begin PBXResourcesBuildPhase section */
		6BE36344169AA21400569BBA /* Resources */ = {
			isa = PBXResourcesBuildPhase;
			buildActionMask = 2147483647;
			files = (
				6BE36355169AA21400569BBA /* InfoPlist.strings in Resources */,
				6BE3635D169AA21400569BBA /* Default.png in Resources */,
				6BE3635F169AA21400569BBA /* Default@2x.png in Resources */,
				6BE36361169AA21400569BBA /* Default-568h@2x.png in Resources */,
				6BE36364169AA21400569BBA /* iPhone.storyboard in Resources */,
				6BE36367169AA21400569BBA /* iPad.storyboard in Resources */,
			);
			runOnlyForDeploymentPostprocessing = 0;
		};
/* End PBXResourcesBuildPhase section */

/* Begin PBXSourcesBuildPhase section */
		6BE36342169AA21400569BBA /* Sources */ = {
			isa = PBXSourcesBuildPhase;
			buildActionMask = 2147483647;
			files = (
				6BE36357169AA21400569BBA /* main.m in Sources */,
				6BE3635B169AA21400569BBA /* GraphingCalculatorAppDelegate.m in Sources */,
				6BE3636A169AA21400569BBA /* GraphingCalculatorViewController.m in Sources */,
			);
			runOnlyForDeploymentPostprocessing = 0;
		};
/* End PBXSourcesBuildPhase section */

/* Begin PBXVariantGroup section */
		6BE36353169AA21400569BBA /* InfoPlist.strings */ = {
			isa = PBXVariantGroup;
			children = (
				6BE36354169AA21400569BBA /* en */,
			);
			name = InfoPlist.strings;
			sourceTree = "<group>";
		};
		6BE36362169AA21400569BBA /* iPhone.storyboard */ = {
			isa = PBXVariantGroup;
			children = (
				6BE36363169AA21400569BBA /* en */,
			);
			name = iPhone.storyboard;
			sourceTree = "<group>";
		};
		6BE36365169AA21400569BBA /* iPad.storyboard */ = {
			isa = PBXVariantGroup;
			children = (
				6BE36366169AA21400569BBA /* en */,
			);
			name = iPad.storyboard;
			sourceTree = "<group>";
		};
/* End PBXVariantGroup section */

/* Begin XCBuildConfiguration section */
		6BE3636B169AA21400569BBA /* Debug */ = {
			isa = XCBuildConfiguration;
			buildSettings = {
				ALWAYS_SEARCH_USER_PATHS = NO;
				CLANG_CXX_LANGUAGE_STANDARD = "gnu++0x";
				CLANG_CXX_LIBRARY = "libc++";
				CLANG_ENABLE_OBJC_ARC = YES;
				CLANG_WARN_EMPTY_BODY = YES;
				CLANG_WARN__DUPLICATE_METHOD_MATCH = YES;
				"CODE_SIGN_IDENTITY[sdk=iphoneos*]" = "iPhone Developer";
				COPY_PHASE_STRIP = NO;
				GCC_C_LANGUAGE_STANDARD = gnu99;
				GCC_DYNAMIC_NO_PIC = NO;
				GCC_OPTIMIZATION_LEVEL = 0;
				GCC_PREPROCESSOR_DEFINITIONS = (
					"DEBUG=1",
					"$(inherited)",
				);
				GCC_SYMBOLS_PRIVATE_EXTERN = NO;
				GCC_WARN_ABOUT_RETURN_TYPE = YES;
				GCC_WARN_UNINITIALIZED_AUTOS = YES;
				GCC_WARN_UNUSED_VARIABLE = YES;
				IPHONEOS_DEPLOYMENT_TARGET = 6.0;
				ONLY_ACTIVE_ARCH = YES;
				SDKROOT = iphoneos;
				TARGETED_DEVICE_FAMILY = "1,2";
			};
			name = Debug;
		};
		6BE3636C169AA21400569BBA /* Release */ = {
			isa = XCBuildConfiguration;
			buildSettings = {
				ALWAYS_SEARCH_USER_PATHS = NO;
				CLANG_CXX_LANGUAGE_STANDARD = "gnu++0x";
				CLANG_CXX_LIBRARY = "libc++";
				CLANG_ENABLE_OBJC_ARC = YES;
				CLANG_WARN_EMPTY_BODY = YES;
				CLANG_WARN__DUPLICATE_METHOD_MATCH = YES;
				"CODE_SIGN_IDENTITY[sdk=iphoneos*]" = "iPhone Developer";
				COPY_PHASE_STRIP = YES;
				GCC_C_LANGUAGE_STANDARD = gnu99;
				GCC_WARN_ABOUT_RETURN_TYPE = YES;
				GCC_WARN_UNINITIALIZED_AUTOS = YES;
				GCC_WARN_UNUSED_VARIABLE = YES;
				IPHONEOS_DEPLOYMENT_TARGET = 6.0;
				OTHER_CFLAGS = "-DNS_BLOCK_ASSERTIONS=1";
				SDKROOT = iphoneos;
				TARGETED_DEVICE_FAMILY = "1,2";
				VALIDATE_PRODUCT = YES;
			};
			name = Release;
		};
		6BE3636E169AA21400569BBA /* Debug */ = {
			isa = XCBuildConfiguration;
			buildSettings = {
				GCC_PRECOMPILE_PREFIX_HEADER = YES;
				GCC_PREFIX_HEADER = "GraphingCalculator/GraphingCalculator-Prefix.pch";
				INFOPLIST_FILE = "GraphingCalculator/GraphingCalculator-Info.plist";
				PRODUCT_NAME = "$(TARGET_NAME)";
				WRAPPER_EXTENSION = app;
			};
			name = Debug;
		};
		6BE3636F169AA21400569BBA /* Release */ = {
			isa = XCBuildConfiguration;
			buildSettings = {
				GCC_PRECOMPILE_PREFIX_HEADER = YES;
				GCC_PREFIX_HEADER = "GraphingCalculator/GraphingCalculator-Prefix.pch";
				INFOPLIST_FILE = "GraphingCalculator/GraphingCalculator-Info.plist";
				PRODUCT_NAME = "$(TARGET_NAME)";
				WRAPPER_EXTENSION = app;
			};
			name = Release;
		};
/* End XCBuildConfiguration section */

/* Begin XCConfigurationList section */
		6BE36340169AA21400569BBA /* Build configuration list for PBXProject "GraphingCalculator" */ = {
			isa = XCConfigurationList;
			buildConfigurations = (
				6BE3636B169AA21400569BBA /* Debug */,
				6BE3636C169AA21400569BBA /* Release */,
			);
			defaultConfigurationIsVisible = 0;
			defaultConfigurationName = Release;
		};
		6BE3636D169AA21400569BBA /* Build configuration list for PBXNativeTarget "GraphingCalculator" */ = {
			isa = XCConfigurationList;
			buildConfigurations = (
				6BE3636E169AA21400569BBA /* Debug */,
				6BE3636F169AA21400569BBA /* Release */,
			);
			defaultConfigurationIsVisible = 0;
		};
/* End XCConfigurationList section */
	};
	rootObject = 6BE3633D169AA21400569BBA /* Project object */;
}
